// !$*UTF8*$!
{
	archiveVersion = 1;
	classes = {
	};
	objectVersion = 56;
	objects = {

/* Begin PBXBuildFile section */
		1B24B5B22B0271AE00E620D2 /* parse.cpp in Sources */ = {isa = PBXBuildFile; fileRef = 1B24B5B02B0271AE00E620D2 /* parse.cpp */; };
		1B42CF842B01177C00740E73 /* web.cpp in Sources */ = {isa = PBXBuildFile; fileRef = 1B42CF822B01177C00740E73 /* web.cpp */; };
		1B42CF872B01268700740E73 /* libcurl.4.tbd in Frameworks */ = {isa = PBXBuildFile; fileRef = 1B42CF862B01268700740E73 /* libcurl.4.tbd */; };
		1B84AEA52AF2E84F00F1396B /* main.cpp in Sources */ = {isa = PBXBuildFile; fileRef = 1B84AEA42AF2E84F00F1396B /* main.cpp */; };
		1B84AEB02AF2E85A00F1396B /* html_attribute.cpp in Sources */ = {isa = PBXBuildFile; fileRef = 1B84AEAE2AF2E85900F1396B /* html_attribute.cpp */; };
		1B84AEB12AF2E85A00F1396B /* html_tag.cpp in Sources */ = {isa = PBXBuildFile; fileRef = 1B84AEAC2AF2E85900F1396B /* html_tag.cpp */; };
		1B84AEB32AF2E85A00F1396B /* element_factory.cpp in Sources */ = {isa = PBXBuildFile; fileRef = 1B84AEAA2AF2E85900F1396B /* element_factory.cpp */; };
/* End PBXBuildFile section */

/* Begin PBXCopyFilesBuildPhase section */
		1BB7BBB72AEFDE5300AAFB8B /* CopyFiles */ = {
			isa = PBXCopyFilesBuildPhase;
			buildActionMask = 2147483647;
			dstPath = /usr/share/man/man1/;
			dstSubfolderSpec = 0;
			files = (
			);
			runOnlyForDeploymentPostprocessing = 1;
		};
/* End PBXCopyFilesBuildPhase section */

/* Begin PBXFileReference section */
		1B24B5B02B0271AE00E620D2 /* parse.cpp */ = {isa = PBXFileReference; lastKnownFileType = sourcecode.cpp.cpp; path = parse.cpp; sourceTree = "<group>"; };
		1B24B5B12B0271AE00E620D2 /* parse.hpp */ = {isa = PBXFileReference; lastKnownFileType = sourcecode.cpp.h; path = parse.hpp; sourceTree = "<group>"; };
		1B24B5B52B0272A300E620D2 /* page.hpp */ = {isa = PBXFileReference; lastKnownFileType = sourcecode.cpp.h; path = page.hpp; sourceTree = "<group>"; };
		1B42CF822B01177C00740E73 /* web.cpp */ = {isa = PBXFileReference; lastKnownFileType = sourcecode.cpp.cpp; path = web.cpp; sourceTree = "<group>"; };
		1B42CF832B01177C00740E73 /* web.hpp */ = {isa = PBXFileReference; lastKnownFileType = sourcecode.cpp.h; path = web.hpp; sourceTree = "<group>"; };
		1B42CF862B01268700740E73 /* libcurl.4.tbd */ = {isa = PBXFileReference; lastKnownFileType = "sourcecode.text-based-dylib-definition"; name = libcurl.4.tbd; path = usr/lib/libcurl.4.tbd; sourceTree = SDKROOT; };
		1B84AEA42AF2E84F00F1396B /* main.cpp */ = {isa = PBXFileReference; lastKnownFileType = sourcecode.cpp.cpp; path = main.cpp; sourceTree = "<group>"; };
		1B84AEA62AF2E85800F1396B /* sample.html */ = {isa = PBXFileReference; lastKnownFileType = text.html; path = sample.html; sourceTree = "<group>"; };
		1B84AEA72AF2E85900F1396B /* element.hpp */ = {isa = PBXFileReference; lastKnownFileType = sourcecode.cpp.h; path = element.hpp; sourceTree = "<group>"; };
		1B84AEA82AF2E85900F1396B /* element_factory.hpp */ = {isa = PBXFileReference; lastKnownFileType = sourcecode.cpp.h; path = element_factory.hpp; sourceTree = "<group>"; };
		1B84AEA92AF2E85900F1396B /* html_tag.hpp */ = {isa = PBXFileReference; lastKnownFileType = sourcecode.cpp.h; path = html_tag.hpp; sourceTree = "<group>"; };
		1B84AEAA2AF2E85900F1396B /* element_factory.cpp */ = {isa = PBXFileReference; lastKnownFileType = sourcecode.cpp.cpp; path = element_factory.cpp; sourceTree = "<group>"; };
		1B84AEAB2AF2E85900F1396B /* html_attribute.hpp */ = {isa = PBXFileReference; lastKnownFileType = sourcecode.cpp.h; path = html_attribute.hpp; sourceTree = "<group>"; };
		1B84AEAC2AF2E85900F1396B /* html_tag.cpp */ = {isa = PBXFileReference; lastKnownFileType = sourcecode.cpp.cpp; path = html_tag.cpp; sourceTree = "<group>"; };
		1B84AEAE2AF2E85900F1396B /* html_attribute.cpp */ = {isa = PBXFileReference; lastKnownFileType = sourcecode.cpp.cpp; path = html_attribute.cpp; sourceTree = "<group>"; };
		1BB7BBB92AEFDE5300AAFB8B /* WebCrawl */ = {isa = PBXFileReference; explicitFileType = "compiled.mach-o.executable"; includeInIndex = 0; path = WebCrawl; sourceTree = BUILT_PRODUCTS_DIR; };
/* End PBXFileReference section */

/* Begin PBXFrameworksBuildPhase section */
		1BB7BBB62AEFDE5300AAFB8B /* Frameworks */ = {
			isa = PBXFrameworksBuildPhase;
			buildActionMask = 2147483647;
			files = (
				1B42CF872B01268700740E73 /* libcurl.4.tbd in Frameworks */,
			);
			runOnlyForDeploymentPostprocessing = 0;
		};
/* End PBXFrameworksBuildPhase section */

/* Begin PBXGroup section */
		1B24B5B32B02722900E620D2 /* classes */ = {
			isa = PBXGroup;
			children = (
				1B84AEA72AF2E85900F1396B /* element.hpp */,
				1B84AEAB2AF2E85900F1396B /* html_attribute.hpp */,
				1B84AEA92AF2E85900F1396B /* html_tag.hpp */,
				1B84AEAC2AF2E85900F1396B /* html_tag.cpp */,
				1B84AEAE2AF2E85900F1396B /* html_attribute.cpp */,
				1B24B5B52B0272A300E620D2 /* page.hpp */,
			);
			path = classes;
			sourceTree = "<group>";
		};
		1B42CF852B01268700740E73 /* Frameworks */ = {
			isa = PBXGroup;
			children = (
				1B42CF862B01268700740E73 /* libcurl.4.tbd */,
			);
			name = Frameworks;
			sourceTree = "<group>";
		};
		1BB7BBB02AEFDE5200AAFB8B = {
			isa = PBXGroup;
			children = (
				1BB7BBBB2AEFDE5300AAFB8B /* WebCrawl */,
				1BB7BBBA2AEFDE5300AAFB8B /* Products */,
				1B42CF852B01268700740E73 /* Frameworks */,
			);
			sourceTree = "<group>";
		};
		1BB7BBBA2AEFDE5300AAFB8B /* Products */ = {
			isa = PBXGroup;
			children = (
				1BB7BBB92AEFDE5300AAFB8B /* WebCrawl */,
			);
			name = Products;
			sourceTree = "<group>";
		};
		1BB7BBBB2AEFDE5300AAFB8B /* WebCrawl */ = {
			isa = PBXGroup;
			children = (
				1B24B5B32B02722900E620D2 /* classes */,
				1B84AEA62AF2E85800F1396B /* sample.html */,
				1B84AEA82AF2E85900F1396B /* element_factory.hpp */,
				1B84AEAA2AF2E85900F1396B /* element_factory.cpp */,
				1B84AEA42AF2E84F00F1396B /* main.cpp */,
				1B42CF822B01177C00740E73 /* web.cpp */,
				1B42CF832B01177C00740E73 /* web.hpp */,
				1B24B5B02B0271AE00E620D2 /* parse.cpp */,
				1B24B5B12B0271AE00E620D2 /* parse.hpp */,
			);
			path = WebCrawl;
			sourceTree = "<group>";
		};
/* End PBXGroup section */

/* Begin PBXNativeTarget section */
		1BB7BBB82AEFDE5300AAFB8B /* WebCrawl */ = {
			isa = PBXNativeTarget;
			buildConfigurationList = 1BB7BBC02AEFDE5300AAFB8B /* Build configuration list for PBXNativeTarget "WebCrawl" */;
			buildPhases = (
				1BB7BBB52AEFDE5300AAFB8B /* Sources */,
				1BB7BBB62AEFDE5300AAFB8B /* Frameworks */,
				1BB7BBB72AEFDE5300AAFB8B /* CopyFiles */,
			);
			buildRules = (
			);
			dependencies = (
			);
			name = WebCrawl;
			productName = WebCrawl;
			productReference = 1BB7BBB92AEFDE5300AAFB8B /* WebCrawl */;
			productType = "com.apple.product-type.tool";
		};
/* End PBXNativeTarget section */

/* Begin PBXProject section */
		1BB7BBB12AEFDE5200AAFB8B /* Project object */ = {
			isa = PBXProject;
			attributes = {
				BuildIndependentTargetsInParallel = 1;
				LastUpgradeCheck = 1500;
				TargetAttributes = {
					1BB7BBB82AEFDE5300AAFB8B = {
						CreatedOnToolsVersion = 15.0;
					};
				};
			};
			buildConfigurationList = 1BB7BBB42AEFDE5200AAFB8B /* Build configuration list for PBXProject "WebCrawl" */;
			compatibilityVersion = "Xcode 14.0";
			developmentRegion = en;
			hasScannedForEncodings = 0;
			knownRegions = (
				en,
				Base,
			);
			mainGroup = 1BB7BBB02AEFDE5200AAFB8B;
			productRefGroup = 1BB7BBBA2AEFDE5300AAFB8B /* Products */;
			projectDirPath = "";
			projectRoot = "";
			targets = (
				1BB7BBB82AEFDE5300AAFB8B /* WebCrawl */,
			);
		};
/* End PBXProject section */

/* Begin PBXSourcesBuildPhase section */
		1BB7BBB52AEFDE5300AAFB8B /* Sources */ = {
			isa = PBXSourcesBuildPhase;
			buildActionMask = 2147483647;
			files = (
				1B84AEB32AF2E85A00F1396B /* element_factory.cpp in Sources */,
				1B84AEA52AF2E84F00F1396B /* main.cpp in Sources */,
				1B84AEB02AF2E85A00F1396B /* html_attribute.cpp in Sources */,
				1B84AEB12AF2E85A00F1396B /* html_tag.cpp in Sources */,
				1B42CF842B01177C00740E73 /* web.cpp in Sources */,
				1B24B5B22B0271AE00E620D2 /* parse.cpp in Sources */,
			);
			runOnlyForDeploymentPostprocessing = 0;
		};
/* End PBXSourcesBuildPhase section */

/* Begin XCBuildConfiguration section */
		1BB7BBBE2AEFDE5300AAFB8B /* Debug */ = {
			isa = XCBuildConfiguration;
			buildSettings = {
				ALWAYS_SEARCH_USER_PATHS = NO;
				ASSETCATALOG_COMPILER_GENERATE_SWIFT_ASSET_SYMBOL_EXTENSIONS = YES;
				CLANG_ANALYZER_NONNULL = YES;
				CLANG_ANALYZER_NUMBER_OBJECT_CONVERSION = YES_AGGRESSIVE;
				CLANG_CXX_LANGUAGE_STANDARD = "gnu++20";
				CLANG_ENABLE_MODULES = YES;
				CLANG_ENABLE_OBJC_ARC = YES;
				CLANG_ENABLE_OBJC_WEAK = YES;
				CLANG_WARN_BLOCK_CAPTURE_AUTORELEASING = YES;
				CLANG_WARN_BOOL_CONVERSION = YES;
				CLANG_WARN_COMMA = YES;
				CLANG_WARN_CONSTANT_CONVERSION = YES;
				CLANG_WARN_DEPRECATED_OBJC_IMPLEMENTATIONS = YES;
				CLANG_WARN_DIRECT_OBJC_ISA_USAGE = YES_ERROR;
				CLANG_WARN_DOCUMENTATION_COMMENTS = YES;
				CLANG_WARN_EMPTY_BODY = YES;
				CLANG_WARN_ENUM_CONVERSION = YES;
				CLANG_WARN_INFINITE_RECURSION = YES;
				CLANG_WARN_INT_CONVERSION = YES;
				CLANG_WARN_NON_LITERAL_NULL_CONVERSION = YES;
				CLANG_WARN_OBJC_IMPLICIT_RETAIN_SELF = YES;
				CLANG_WARN_OBJC_LITERAL_CONVERSION = YES;
				CLANG_WARN_OBJC_ROOT_CLASS = YES_ERROR;
				CLANG_WARN_QUOTED_INCLUDE_IN_FRAMEWORK_HEADER = YES;
				CLANG_WARN_RANGE_LOOP_ANALYSIS = YES;
				CLANG_WARN_STRICT_PROTOTYPES = YES;
				CLANG_WARN_SUSPICIOUS_MOVE = YES;
				CLANG_WARN_UNGUARDED_AVAILABILITY = YES_AGGRESSIVE;
				CLANG_WARN_UNREACHABLE_CODE = YES;
				CLANG_WARN__DUPLICATE_METHOD_MATCH = YES;
				COPY_PHASE_STRIP = NO;
				DEBUG_INFORMATION_FORMAT = dwarf;
				ENABLE_STRICT_OBJC_MSGSEND = YES;
				ENABLE_TESTABILITY = YES;
				ENABLE_USER_SCRIPT_SANDBOXING = YES;
				GCC_C_LANGUAGE_STANDARD = gnu17;
				GCC_DYNAMIC_NO_PIC = NO;
				GCC_NO_COMMON_BLOCKS = YES;
				GCC_OPTIMIZATION_LEVEL = 0;
				GCC_PREPROCESSOR_DEFINITIONS = (
					"DEBUG=1",
					"$(inherited)",
				);
				GCC_WARN_64_TO_32_BIT_CONVERSION = YES;
				GCC_WARN_ABOUT_RETURN_TYPE = YES_ERROR;
				GCC_WARN_UNDECLARED_SELECTOR = YES;
				GCC_WARN_UNINITIALIZED_AUTOS = YES_AGGRESSIVE;
				GCC_WARN_UNUSED_FUNCTION = YES;
				GCC_WARN_UNUSED_VARIABLE = YES;
				LOCALIZATION_PREFERS_STRING_CATALOGS = YES;
				MACOSX_DEPLOYMENT_TARGET = 14.0;
				MTL_ENABLE_DEBUG_INFO = INCLUDE_SOURCE;
				MTL_FAST_MATH = YES;
				ONLY_ACTIVE_ARCH = YES;
				SDKROOT = macosx;
			};
			name = Debug;
		};
		1BB7BBBF2AEFDE5300AAFB8B /* Release */ = {
			isa = XCBuildConfiguration;
			buildSettings = {
				ALWAYS_SEARCH_USER_PATHS = NO;
				ASSETCATALOG_COMPILER_GENERATE_SWIFT_ASSET_SYMBOL_EXTENSIONS = YES;
				CLANG_ANALYZER_NONNULL = YES;
				CLANG_ANALYZER_NUMBER_OBJECT_CONVERSION = YES_AGGRESSIVE;
				CLANG_CXX_LANGUAGE_STANDARD = "gnu++20";
				CLANG_ENABLE_MODULES = YES;
				CLANG_ENABLE_OBJC_ARC = YES;
				CLANG_ENABLE_OBJC_WEAK = YES;
				CLANG_WARN_BLOCK_CAPTURE_AUTORELEASING = YES;
				CLANG_WARN_BOOL_CONVERSION = YES;
				CLANG_WARN_COMMA = YES;
				CLANG_WARN_CONSTANT_CONVERSION = YES;
				CLANG_WARN_DEPRECATED_OBJC_IMPLEMENTATIONS = YES;
				CLANG_WARN_DIRECT_OBJC_ISA_USAGE = YES_ERROR;
				CLANG_WARN_DOCUMENTATION_COMMENTS = YES;
				CLANG_WARN_EMPTY_BODY = YES;
				CLANG_WARN_ENUM_CONVERSION = YES;
				CLANG_WARN_INFINITE_RECURSION = YES;
				CLANG_WARN_INT_CONVERSION = YES;
				CLANG_WARN_NON_LITERAL_NULL_CONVERSION = YES;
				CLANG_WARN_OBJC_IMPLICIT_RETAIN_SELF = YES;
				CLANG_WARN_OBJC_LITERAL_CONVERSION = YES;
				CLANG_WARN_OBJC_ROOT_CLASS = YES_ERROR;
				CLANG_WARN_QUOTED_INCLUDE_IN_FRAMEWORK_HEADER = YES;
				CLANG_WARN_RANGE_LOOP_ANALYSIS = YES;
				CLANG_WARN_STRICT_PROTOTYPES = YES;
				CLANG_WARN_SUSPICIOUS_MOVE = YES;
				CLANG_WARN_UNGUARDED_AVAILABILITY = YES_AGGRESSIVE;
				CLANG_WARN_UNREACHABLE_CODE = YES;
				CLANG_WARN__DUPLICATE_METHOD_MATCH = YES;
				COPY_PHASE_STRIP = NO;
				DEBUG_INFORMATION_FORMAT = "dwarf-with-dsym";
				ENABLE_NS_ASSERTIONS = NO;
				ENABLE_STRICT_OBJC_MSGSEND = YES;
				ENABLE_USER_SCRIPT_SANDBOXING = YES;
				GCC_C_LANGUAGE_STANDARD = gnu17;
				GCC_NO_COMMON_BLOCKS = YES;
				GCC_WARN_64_TO_32_BIT_CONVERSION = YES;
				GCC_WARN_ABOUT_RETURN_TYPE = YES_ERROR;
				GCC_WARN_UNDECLARED_SELECTOR = YES;
				GCC_WARN_UNINITIALIZED_AUTOS = YES_AGGRESSIVE;
				GCC_WARN_UNUSED_FUNCTION = YES;
				GCC_WARN_UNUSED_VARIABLE = YES;
				LOCALIZATION_PREFERS_STRING_CATALOGS = YES;
				MACOSX_DEPLOYMENT_TARGET = 14.0;
				MTL_ENABLE_DEBUG_INFO = NO;
				MTL_FAST_MATH = YES;
				SDKROOT = macosx;
			};
			name = Release;
		};
		1BB7BBC12AEFDE5300AAFB8B /* Debug */ = {
			isa = XCBuildConfiguration;
			buildSettings = {
				CODE_SIGN_STYLE = Automatic;
				PRODUCT_NAME = "$(TARGET_NAME)";
			};
			name = Debug;
		};
		1BB7BBC22AEFDE5300AAFB8B /* Release */ = {
			isa = XCBuildConfiguration;
			buildSettings = {
				CODE_SIGN_STYLE = Automatic;
				PRODUCT_NAME = "$(TARGET_NAME)";
			};
			name = Release;
		};
/* End XCBuildConfiguration section */

/* Begin XCConfigurationList section */
		1BB7BBB42AEFDE5200AAFB8B /* Build configuration list for PBXProject "WebCrawl" */ = {
			isa = XCConfigurationList;
			buildConfigurations = (
				1BB7BBBE2AEFDE5300AAFB8B /* Debug */,
				1BB7BBBF2AEFDE5300AAFB8B /* Release */,
			);
			defaultConfigurationIsVisible = 0;
			defaultConfigurationName = Release;
		};
		1BB7BBC02AEFDE5300AAFB8B /* Build configuration list for PBXNativeTarget "WebCrawl" */ = {
			isa = XCConfigurationList;
			buildConfigurations = (
				1BB7BBC12AEFDE5300AAFB8B /* Debug */,
				1BB7BBC22AEFDE5300AAFB8B /* Release */,
			);
			defaultConfigurationIsVisible = 0;
			defaultConfigurationName = Release;
		};
/* End XCConfigurationList section */
	};
	rootObject = 1BB7BBB12AEFDE5200AAFB8B /* Project object */;
}
